<?xml version="1.0" encoding="utf-8"?>
<Project ToolsVersion="4.0" xmlns="http://schemas.microsoft.com/developer/msbuild/2003">
  <ItemGroup>
    <Filter Include="Source Files">
      <UniqueIdentifier>{4FC737F1-C7A5-4376-A066-2A32D752A2FF}</UniqueIdentifier>
      <Extensions>cpp;c;cc;cxx;def;odl;idl;hpj;bat;asm;asmx</Extensions>
    </Filter>
    <Filter Include="Header Files">
      <UniqueIdentifier>{93995380-89BD-4b04-88EB-625FBE52EBFB}</UniqueIdentifier>
      <Extensions>h;hh;hpp;hxx;hm;inl;inc;xsd</Extensions>
    </Filter>
    <Filter Include="Resource Files">
      <UniqueIdentifier>{67DA6AB6-F800-4c08-8B7A-83BB121AAD01}</UniqueIdentifier>
      <Extensions>rc;ico;cur;bmp;dlg;rc2;rct;bin;rgs;gif;jpg;jpeg;jpe;resx;tiff;tif;png;wav;mfcribbon-ms</Extensions>
    </Filter>
    <Filter Include="Utils">
      <UniqueIdentifier>{2b8fa2f2-c9f6-4205-93b9-519bbfc8ed31}</UniqueIdentifier>
    </Filter>
    <Filter Include="SceneGraph">
      <UniqueIdentifier>{8abd2777-652d-4026-845d-5c8720b866ac}</UniqueIdentifier>
    </Filter>
    <Filter Include="Managers">
      <UniqueIdentifier>{d5f9436b-ceeb-443d-9b78-0742cea0d915}</UniqueIdentifier>
    </Filter>
    <Filter Include="Render">
      <UniqueIdentifier>{456175ad-ab47-473b-b7b9-93558bee6b17}</UniqueIdentifier>
    </Filter>
    <Filter Include="DearImGui">
      <UniqueIdentifier>{a28f695d-5212-46cd-aebd-08c0952e00c9}</UniqueIdentifier>
    </Filter>
    <Filter Include="Ui">
      <UniqueIdentifier>{a5222281-87e7-4b4c-b0bc-75186e13b445}</UniqueIdentifier>
    </Filter>
    <Filter Include="Characters">
      <UniqueIdentifier>{6073ca2f-2800-4bf2-be94-54874776c080}</UniqueIdentifier>
    </Filter>
  </ItemGroup>
  <ItemGroup>
    <ClInclude Include="BigginPCH.h">
      <Filter>Header Files</Filter>
    </ClInclude>
    <ClInclude Include="Transform.h">
      <Filter>Header Files</Filter>
    </ClInclude>
    <ClInclude Include="Biggin.h">
      <Filter>Header Files</Filter>
    </ClInclude>
    <ClInclude Include="Utils.hpp">
      <Filter>Utils</Filter>
    </ClInclude>
    <ClInclude Include="StringUtils.hpp">
      <Filter>Utils</Filter>
    </ClInclude>
    <ClInclude Include="Logger.h">
      <Filter>Utils</Filter>
    </ClInclude>
    <ClInclude Include="ConsoleColors.h">
      <Filter>Utils</Filter>
    </ClInclude>
    <ClInclude Include="FpsCounter.h">
      <Filter>Header Files</Filter>
    </ClInclude>
    <ClInclude Include="GameObject.h">
      <Filter>SceneGraph</Filter>
    </ClInclude>
    <ClInclude Include="Scene.h">
      <Filter>SceneGraph</Filter>
    </ClInclude>
    <ClInclude Include="SceneManager.h">
      <Filter>SceneGraph</Filter>
    </ClInclude>
    <ClInclude Include="Singleton.h">
      <Filter>Utils</Filter>
    </ClInclude>
    <ClInclude Include="InputManager.h">
      <Filter>Managers</Filter>
    </ClInclude>
    <ClInclude Include="ResourceManager.h">
      <Filter>Managers</Filter>
    </ClInclude>
    <ClInclude Include="Texture2D.h">
      <Filter>Render</Filter>
    </ClInclude>
    <ClInclude Include="Sprite.h">
      <Filter>Render</Filter>
    </ClInclude>
    <ClInclude Include="Renderer.h">
      <Filter>Render</Filter>
    </ClInclude>
    <ClInclude Include="Font.h">
      <Filter>Render</Filter>
    </ClInclude>
    <ClInclude Include="TextComponent.h">
      <Filter>Render</Filter>
    </ClInclude>
    <ClInclude Include="Component.h">
      <Filter>SceneGraph</Filter>
    </ClInclude>
    <ClInclude Include="imconfig.h">
      <Filter>DearImGui</Filter>
    </ClInclude>
    <ClInclude Include="imgui.h">
      <Filter>DearImGui</Filter>
    </ClInclude>
    <ClInclude Include="imgui_impl_opengl2.h">
      <Filter>DearImGui</Filter>
    </ClInclude>
    <ClInclude Include="imgui_impl_sdl.h">
      <Filter>DearImGui</Filter>
    </ClInclude>
    <ClInclude Include="imgui_internal.h">
      <Filter>DearImGui</Filter>
    </ClInclude>
    <ClInclude Include="imstb_rectpack.h">
      <Filter>DearImGui</Filter>
    </ClInclude>
    <ClInclude Include="imstb_textedit.h">
      <Filter>DearImGui</Filter>
    </ClInclude>
    <ClInclude Include="imstb_truetype.h">
      <Filter>DearImGui</Filter>
    </ClInclude>
    <ClInclude Include="imgui_plot.h">
      <Filter>DearImGui</Filter>
    </ClInclude>
    <ClInclude Include="TrashTheCache.h">
      <Filter>Ui</Filter>
    </ClInclude>
    <ClInclude Include="Command.h">
      <Filter>Header Files</Filter>
    </ClInclude>
    <ClInclude Include="PeterPepper.h">
      <Filter>Characters</Filter>
    </ClInclude>
    <ClInclude Include="HealthComponent.h">
      <Filter>Header Files</Filter>
    </ClInclude>
    <ClInclude Include="Observer.h">
      <Filter>Header Files</Filter>
    </ClInclude>
    <ClInclude Include="Subject.h">
      <Filter>Header Files</Filter>
    </ClInclude>
    <ClInclude Include="ScoreComponent.h">
      <Filter>Header Files</Filter>
    </ClInclude>
    <ClInclude Include="HealthUI.h">
      <Filter>Ui</Filter>
    </ClInclude>
    <ClInclude Include="ScoreUI.h">
      <Filter>Ui</Filter>
    </ClInclude>
    <ClInclude Include="StatsAndAchievements.h">
      <Filter>Managers</Filter>
    </ClInclude>
    <ClInclude Include="BoxCollider2d.h">
      <Filter>Header Files</Filter>
    </ClInclude>
    <ClInclude Include="Box2dManager.h">
      <Filter>Header Files</Filter>
    </ClInclude>
    <ClInclude Include="GameTime.h">
      <Filter>Managers</Filter>
    </ClInclude>
    <ClInclude Include="ContactListener.h">
      <Filter>Header Files</Filter>
    </ClInclude>
    <ClInclude Include="Box2dRenderer.h">
      <Filter>Header Files</Filter>
    </ClInclude>
  </ItemGroup>
  <ItemGroup>
    <ClCompile Include="BigginPCH.cpp">
      <Filter>Source Files</Filter>
    </ClCompile>
    <ClCompile Include="Transform.cpp">
      <Filter>Source Files</Filter>
    </ClCompile>
    <ClCompile Include="Main.cpp">
      <Filter>Source Files</Filter>
    </ClCompile>
    <ClCompile Include="Biggin.cpp">
      <Filter>Source Files</Filter>
    </ClCompile>
    <ClCompile Include="Logger.cpp">
      <Filter>Utils</Filter>
    </ClCompile>
    <ClCompile Include="FpsCounter.cpp">
      <Filter>Source Files</Filter>
    </ClCompile>
    <ClCompile Include="SceneManager.cpp">
      <Filter>SceneGraph</Filter>
    </ClCompile>
    <ClCompile Include="GameObject.cpp">
      <Filter>SceneGraph</Filter>
    </ClCompile>
    <ClCompile Include="Scene.cpp">
      <Filter>SceneGraph</Filter>
    </ClCompile>
    <ClCompile Include="InputManager.cpp">
      <Filter>Managers</Filter>
    </ClCompile>
    <ClCompile Include="ResourceManager.cpp">
      <Filter>Managers</Filter>
    </ClCompile>
    <ClCompile Include="Font.cpp">
      <Filter>Render</Filter>
    </ClCompile>
    <ClCompile Include="Renderer.cpp">
      <Filter>Render</Filter>
    </ClCompile>
    <ClCompile Include="Sprite.cpp">
      <Filter>Render</Filter>
    </ClCompile>
    <ClCompile Include="Texture2D.cpp">
      <Filter>Render</Filter>
    </ClCompile>
    <ClCompile Include="TextComponent.cpp">
      <Filter>Render</Filter>
    </ClCompile>
    <ClCompile Include="Component.cpp">
      <Filter>SceneGraph</Filter>
    </ClCompile>
    <ClCompile Include="imgui.cpp">
      <Filter>DearImGui</Filter>
    </ClCompile>
    <ClCompile Include="imgui_demo.cpp">
      <Filter>DearImGui</Filter>
    </ClCompile>
    <ClCompile Include="imgui_draw.cpp">
      <Filter>DearImGui</Filter>
    </ClCompile>
    <ClCompile Include="imgui_impl_opengl2.cpp">
      <Filter>DearImGui</Filter>
    </ClCompile>
    <ClCompile Include="imgui_impl_sdl.cpp">
      <Filter>DearImGui</Filter>
    </ClCompile>
    <ClCompile Include="imgui_tables.cpp">
      <Filter>DearImGui</Filter>
    </ClCompile>
    <ClCompile Include="imgui_widgets.cpp">
      <Filter>DearImGui</Filter>
    </ClCompile>
    <ClCompile Include="imgui_plot.cpp">
      <Filter>DearImGui</Filter>
    </ClCompile>
    <ClCompile Include="TrashTheCache.cpp">
      <Filter>Ui</Filter>
    </ClCompile>
    <ClCompile Include="Command.cpp">
      <Filter>Source Files</Filter>
    </ClCompile>
    <ClCompile Include="PeterPepper.cpp">
      <Filter>Characters</Filter>
    </ClCompile>
    <ClCompile Include="HealthComponent.cpp">
      <Filter>Source Files</Filter>
    </ClCompile>
    <ClCompile Include="Observer.cpp">
      <Filter>Source Files</Filter>
    </ClCompile>
    <ClCompile Include="Subject.cpp">
      <Filter>Source Files</Filter>
    </ClCompile>
    <ClCompile Include="ScoreComponent.cpp">
      <Filter>Source Files</Filter>
    </ClCompile>
    <ClCompile Include="ScoreUI.cpp">
      <Filter>Ui</Filter>
    </ClCompile>
    <ClCompile Include="HealthUI.cpp">
      <Filter>Ui</Filter>
    </ClCompile>
    <ClCompile Include="StatsAndAchievements.cpp">
      <Filter>Managers</Filter>
    </ClCompile>
    <ClCompile Include="BoxCollider2d.cpp">
      <Filter>Source Files</Filter>
    </ClCompile>
    <ClCompile Include="Box2dManager.cpp">
      <Filter>Source Files</Filter>
    </ClCompile>
    <ClCompile Include="GameTime.cpp">
      <Filter>Managers</Filter>
    </ClCompile>
    <ClCompile Include="ContactListener.cpp">
      <Filter>Source Files</Filter>
    </ClCompile>
    <ClCompile Include="Box2dRenderer.cpp">
      <Filter>Source Files</Filter>
    </ClCompile>
  </ItemGroup>
</Project>